// !$*UTF8*$!
{
	archiveVersion = 1;
	classes = {
	};
	objectVersion = 46;
	objects = {

/* Begin PBXBuildFile section */
		A0C2A88D1F3249DE0049D754 /* AppDelegate.swift in Sources */ = {isa = PBXBuildFile; fileRef = A0C2A88C1F3249DE0049D754 /* AppDelegate.swift */; };
		A0C2A88F1F3249DE0049D754 /* AuthenticationViewController.swift in Sources */ = {isa = PBXBuildFile; fileRef = A0C2A88E1F3249DE0049D754 /* AuthenticationViewController.swift */; };
		A0C2A8921F3249DE0049D754 /* AuthenticationViewController.storyboard in Resources */ = {isa = PBXBuildFile; fileRef = A0C2A8901F3249DE0049D754 /* AuthenticationViewController.storyboard */; };
		A0C2A8971F3249DE0049D754 /* LaunchScreen.storyboard in Resources */ = {isa = PBXBuildFile; fileRef = A0C2A8951F3249DE0049D754 /* LaunchScreen.storyboard */; };
		A0C2A8A51F324B450049D754 /* MyAccount.storyboard in Resources */ = {isa = PBXBuildFile; fileRef = A0C2A8A41F324B450049D754 /* MyAccount.storyboard */; };
		A0C2A8A71F324B5E0049D754 /* Services.storyboard in Resources */ = {isa = PBXBuildFile; fileRef = A0C2A8A61F324B5E0049D754 /* Services.storyboard */; };
		A0C2A8A91F324B6E0049D754 /* Settings.storyboard in Resources */ = {isa = PBXBuildFile; fileRef = A0C2A8A81F324B6E0049D754 /* Settings.storyboard */; };
		A0C2A8AB1F324B810049D754 /* SignUp.storyboard in Resources */ = {isa = PBXBuildFile; fileRef = A0C2A8AA1F324B810049D754 /* SignUp.storyboard */; };
		A0C2A8AD1F324B930049D754 /* Login.storyboard in Resources */ = {isa = PBXBuildFile; fileRef = A0C2A8AC1F324B930049D754 /* Login.storyboard */; };
		A0C2A8B11F3251890049D754 /* LoginViewController.swift in Sources */ = {isa = PBXBuildFile; fileRef = A0C2A8B01F3251890049D754 /* LoginViewController.swift */; };
		A0C2A8B71F3269320049D754 /* Assets.xcassets in Resources */ = {isa = PBXBuildFile; fileRef = A0C2A8B61F3269320049D754 /* Assets.xcassets */; };
		A0C2A8B91F327CB10049D754 /* SignUpOptionsViewController.swift in Sources */ = {isa = PBXBuildFile; fileRef = A0C2A8B81F327CB10049D754 /* SignUpOptionsViewController.swift */; };
		A0C2A8BC1F3281C50049D754 /* MainViewController.storyboard in Resources */ = {isa = PBXBuildFile; fileRef = A0C2A8BB1F3281C50049D754 /* MainViewController.storyboard */; };
		A0C2A8BE1F3282C90049D754 /* Chat.storyboard in Resources */ = {isa = PBXBuildFile; fileRef = A0C2A8BD1F3282C90049D754 /* Chat.storyboard */; };
		A0C2A8C01F32860F0049D754 /* MainViewController.swift in Sources */ = {isa = PBXBuildFile; fileRef = A0C2A8BF1F32860F0049D754 /* MainViewController.swift */; };
/* End PBXBuildFile section */

/* Begin PBXFileReference section */
		A0C2A8891F3249DE0049D754 /* Okomaz-ios.app */ = {isa = PBXFileReference; explicitFileType = wrapper.application; includeInIndex = 0; path = "Okomaz-ios.app"; sourceTree = BUILT_PRODUCTS_DIR; };
		A0C2A88C1F3249DE0049D754 /* AppDelegate.swift */ = {isa = PBXFileReference; lastKnownFileType = sourcecode.swift; path = AppDelegate.swift; sourceTree = "<group>"; };
		A0C2A88E1F3249DE0049D754 /* AuthenticationViewController.swift */ = {isa = PBXFileReference; lastKnownFileType = sourcecode.swift; name = AuthenticationViewController.swift; path = "Okomaz-ios/AuthenticationViewController.swift"; sourceTree = "<group>"; };
		A0C2A8911F3249DE0049D754 /* Base */ = {isa = PBXFileReference; lastKnownFileType = file.storyboard; name = Base; path = Base.lproj/AuthenticationViewController.storyboard; sourceTree = "<group>"; };
		A0C2A8961F3249DE0049D754 /* Base */ = {isa = PBXFileReference; lastKnownFileType = file.storyboard; name = Base; path = Base.lproj/LaunchScreen.storyboard; sourceTree = "<group>"; };
		A0C2A8981F3249DE0049D754 /* Info.plist */ = {isa = PBXFileReference; lastKnownFileType = text.plist.xml; path = Info.plist; sourceTree = "<group>"; };
		A0C2A8A41F324B450049D754 /* MyAccount.storyboard */ = {isa = PBXFileReference; fileEncoding = 4; lastKnownFileType = file.storyboard; path = MyAccount.storyboard; sourceTree = "<group>"; };
		A0C2A8A61F324B5E0049D754 /* Services.storyboard */ = {isa = PBXFileReference; fileEncoding = 4; lastKnownFileType = file.storyboard; path = Services.storyboard; sourceTree = "<group>"; };
		A0C2A8A81F324B6E0049D754 /* Settings.storyboard */ = {isa = PBXFileReference; fileEncoding = 4; lastKnownFileType = file.storyboard; path = Settings.storyboard; sourceTree = "<group>"; };
		A0C2A8AA1F324B810049D754 /* SignUp.storyboard */ = {isa = PBXFileReference; fileEncoding = 4; lastKnownFileType = file.storyboard; path = SignUp.storyboard; sourceTree = "<group>"; };
		A0C2A8AC1F324B930049D754 /* Login.storyboard */ = {isa = PBXFileReference; fileEncoding = 4; lastKnownFileType = file.storyboard; path = Login.storyboard; sourceTree = "<group>"; };
		A0C2A8B01F3251890049D754 /* LoginViewController.swift */ = {isa = PBXFileReference; fileEncoding = 4; lastKnownFileType = sourcecode.swift; path = LoginViewController.swift; sourceTree = "<group>"; };
		A0C2A8B61F3269320049D754 /* Assets.xcassets */ = {isa = PBXFileReference; lastKnownFileType = folder.assetcatalog; path = Assets.xcassets; sourceTree = "<group>"; };
		A0C2A8B81F327CB10049D754 /* SignUpOptionsViewController.swift */ = {isa = PBXFileReference; fileEncoding = 4; lastKnownFileType = sourcecode.swift; path = SignUpOptionsViewController.swift; sourceTree = "<group>"; };
		A0C2A8BB1F3281C50049D754 /* MainViewController.storyboard */ = {isa = PBXFileReference; fileEncoding = 4; lastKnownFileType = file.storyboard; path = MainViewController.storyboard; sourceTree = "<group>"; };
		A0C2A8BD1F3282C90049D754 /* Chat.storyboard */ = {isa = PBXFileReference; fileEncoding = 4; lastKnownFileType = file.storyboard; path = Chat.storyboard; sourceTree = "<group>"; };
		A0C2A8BF1F32860F0049D754 /* MainViewController.swift */ = {isa = PBXFileReference; fileEncoding = 4; lastKnownFileType = sourcecode.swift; path = MainViewController.swift; sourceTree = "<group>"; };
/* End PBXFileReference section */

/* Begin PBXFrameworksBuildPhase section */
		A0C2A8861F3249DE0049D754 /* Frameworks */ = {
			isa = PBXFrameworksBuildPhase;
			buildActionMask = 2147483647;
			files = (
			);
			runOnlyForDeploymentPostprocessing = 0;
		};
/* End PBXFrameworksBuildPhase section */

/* Begin PBXGroup section */
		A0C2A8801F3249DE0049D754 = {
			isa = PBXGroup;
			children = (
				A0C2A8BA1F3281A00049D754 /* main */,
				A0C2A88B1F3249DE0049D754 /* App.self */,
				A0C2A8AE1F3250C00049D754 /* Authentication */,
				A0C2A8A11F324A6C0049D754 /* Chat */,
				A0C2A8AF1F3251340049D754 /* Launch */,
				A0C2A89E1F324A230049D754 /* Login */,
				A0C2A8A21F324A750049D754 /* MyAccount */,
				A0C2A88A1F3249DE0049D754 /* Products */,
				A0C2A89F1F324A490049D754 /* Services */,
				A0C2A8A01F324A5E0049D754 /* Settings */,
				A0C2A8A31F324A820049D754 /* SignUp */,
			);
			sourceTree = "<group>";
		};
		A0C2A88A1F3249DE0049D754 /* Products */ = {
			isa = PBXGroup;
			children = (
				A0C2A8891F3249DE0049D754 /* Okomaz-ios.app */,
			);
			name = Products;
			sourceTree = "<group>";
		};
		A0C2A88B1F3249DE0049D754 /* App.self */ = {
			isa = PBXGroup;
			children = (
				A0C2A88C1F3249DE0049D754 /* AppDelegate.swift */,
				A0C2A8B61F3269320049D754 /* Assets.xcassets */,
				A0C2A8951F3249DE0049D754 /* LaunchScreen.storyboard */,
				A0C2A8981F3249DE0049D754 /* Info.plist */,
			);
			name = App.self;
			path = "Okomaz-ios";
			sourceTree = "<group>";
		};
		A0C2A89E1F324A230049D754 /* Login */ = {
			isa = PBXGroup;
			children = (
				A0C2A8AC1F324B930049D754 /* Login.storyboard */,
				A0C2A8B81F327CB10049D754 /* SignUpOptionsViewController.swift */,
				A0C2A8B01F3251890049D754 /* LoginViewController.swift */,
			);
			name = Login;
			path = "Okomaz-ios";
			sourceTree = "<group>";
		};
		A0C2A89F1F324A490049D754 /* Services */ = {
			isa = PBXGroup;
			children = (
				A0C2A8A61F324B5E0049D754 /* Services.storyboard */,
			);
			name = Services;
			path = "Okomaz-ios";
			sourceTree = "<group>";
		};
		A0C2A8A01F324A5E0049D754 /* Settings */ = {
			isa = PBXGroup;
			children = (
				A0C2A8A81F324B6E0049D754 /* Settings.storyboard */,
			);
			name = Settings;
			sourceTree = "<group>";
		};
		A0C2A8A11F324A6C0049D754 /* Chat */ = {
			isa = PBXGroup;
			children = (
				A0C2A8BD1F3282C90049D754 /* Chat.storyboard */,
			);
			name = Chat;
			sourceTree = "<group>";
		};
		A0C2A8A21F324A750049D754 /* MyAccount */ = {
			isa = PBXGroup;
			children = (
				A0C2A8A41F324B450049D754 /* MyAccount.storyboard */,
			);
			name = MyAccount;
			sourceTree = "<group>";
		};
		A0C2A8A31F324A820049D754 /* SignUp */ = {
			isa = PBXGroup;
			children = (
				A0C2A8AA1F324B810049D754 /* SignUp.storyboard */,
			);
			name = SignUp;
			sourceTree = "<group>";
		};
		A0C2A8AE1F3250C00049D754 /* Authentication */ = {
			isa = PBXGroup;
			children = (
				A0C2A88E1F3249DE0049D754 /* AuthenticationViewController.swift */,
				A0C2A8901F3249DE0049D754 /* AuthenticationViewController.storyboard */,
			);
			name = Authentication;
			sourceTree = "<group>";
		};
		A0C2A8AF1F3251340049D754 /* Launch */ = {
			isa = PBXGroup;
			children = (
			);
			name = Launch;
			sourceTree = "<group>";
		};
		A0C2A8BA1F3281A00049D754 /* main */ = {
			isa = PBXGroup;
			children = (
				A0C2A8BB1F3281C50049D754 /* MainViewController.storyboard */,
				A0C2A8BF1F32860F0049D754 /* MainViewController.swift */,
			);
			name = main;
			sourceTree = "<group>";
		};
/* End PBXGroup section */

/* Begin PBXNativeTarget section */
		A0C2A8881F3249DE0049D754 /* Okomaz-ios */ = {
			isa = PBXNativeTarget;
			buildConfigurationList = A0C2A89B1F3249DE0049D754 /* Build configuration list for PBXNativeTarget "Okomaz-ios" */;
			buildPhases = (
				A0C2A8851F3249DE0049D754 /* Sources */,
				A0C2A8861F3249DE0049D754 /* Frameworks */,
				A0C2A8871F3249DE0049D754 /* Resources */,
			);
			buildRules = (
			);
			dependencies = (
			);
			name = "Okomaz-ios";
			productName = "Okomaz-ios";
			productReference = A0C2A8891F3249DE0049D754 /* Okomaz-ios.app */;
			productType = "com.apple.product-type.application";
		};
/* End PBXNativeTarget section */

/* Begin PBXProject section */
		A0C2A8811F3249DE0049D754 /* Project object */ = {
			isa = PBXProject;
			attributes = {
				LastSwiftUpdateCheck = 0830;
				LastUpgradeCheck = 0830;
				ORGANIZATIONNAME = "Ally Mahmoud";
				TargetAttributes = {
					A0C2A8881F3249DE0049D754 = {
						CreatedOnToolsVersion = 8.3.3;
						DevelopmentTeam = FM2EY39XWE;
						ProvisioningStyle = Automatic;
					};
				};
			};
			buildConfigurationList = A0C2A8841F3249DE0049D754 /* Build configuration list for PBXProject "Okomaz-ios" */;
			compatibilityVersion = "Xcode 3.2";
			developmentRegion = English;
			hasScannedForEncodings = 0;
			knownRegions = (
				en,
				Base,
			);
			mainGroup = A0C2A8801F3249DE0049D754;
			productRefGroup = A0C2A88A1F3249DE0049D754 /* Products */;
			projectDirPath = "";
			projectRoot = "";
			targets = (
				A0C2A8881F3249DE0049D754 /* Okomaz-ios */,
			);
		};
/* End PBXProject section */

/* Begin PBXResourcesBuildPhase section */
		A0C2A8871F3249DE0049D754 /* Resources */ = {
			isa = PBXResourcesBuildPhase;
			buildActionMask = 2147483647;
			files = (
				A0C2A8AD1F324B930049D754 /* Login.storyboard in Resources */,
				A0C2A8971F3249DE0049D754 /* LaunchScreen.storyboard in Resources */,
				A0C2A8A51F324B450049D754 /* MyAccount.storyboard in Resources */,
				A0C2A8AB1F324B810049D754 /* SignUp.storyboard in Resources */,
				A0C2A8A91F324B6E0049D754 /* Settings.storyboard in Resources */,
				A0C2A8921F3249DE0049D754 /* AuthenticationViewController.storyboard in Resources */,
				A0C2A8B71F3269320049D754 /* Assets.xcassets in Resources */,
				A0C2A8BC1F3281C50049D754 /* MainViewController.storyboard in Resources */,
				A0C2A8BE1F3282C90049D754 /* Chat.storyboard in Resources */,
				A0C2A8A71F324B5E0049D754 /* Services.storyboard in Resources */,
			);
			runOnlyForDeploymentPostprocessing = 0;
		};
/* End PBXResourcesBuildPhase section */

/* Begin PBXSourcesBuildPhase section */
		A0C2A8851F3249DE0049D754 /* Sources */ = {
			isa = PBXSourcesBuildPhase;
			buildActionMask = 2147483647;
			files = (
				A0C2A8C01F32860F0049D754 /* MainViewController.swift in Sources */,
				A0C2A8B11F3251890049D754 /* LoginViewController.swift in Sources */,
				A0C2A88F1F3249DE0049D754 /* AuthenticationViewController.swift in Sources */,
				A0C2A88D1F3249DE0049D754 /* AppDelegate.swift in Sources */,
				A0C2A8B91F327CB10049D754 /* SignUpOptionsViewController.swift in Sources */,
			);
			runOnlyForDeploymentPostprocessing = 0;
		};
/* End PBXSourcesBuildPhase section */

/* Begin PBXVariantGroup section */
		A0C2A8901F3249DE0049D754 /* AuthenticationViewController.storyboard */ = {
			isa = PBXVariantGroup;
			children = (
				A0C2A8911F3249DE0049D754 /* Base */,
			);
			name = AuthenticationViewController.storyboard;
			path = "Okomaz-ios";
			sourceTree = "<group>";
		};
		A0C2A8951F3249DE0049D754 /* LaunchScreen.storyboard */ = {
			isa = PBXVariantGroup;
			children = (
				A0C2A8961F3249DE0049D754 /* Base */,
			);
			name = LaunchScreen.storyboard;
			sourceTree = "<group>";
		};
/* End PBXVariantGroup section */

/* Begin XCBuildConfiguration section */
		A0C2A8991F3249DE0049D754 /* Debug */ = {
			isa = XCBuildConfiguration;
			buildSettings = {
				ALWAYS_SEARCH_USER_PATHS = NO;
				CLANG_ANALYZER_NONNULL = YES;
				CLANG_ANALYZER_NUMBER_OBJECT_CONVERSION = YES_AGGRESSIVE;
				CLANG_CXX_LANGUAGE_STANDARD = "gnu++0x";
				CLANG_CXX_LIBRARY = "libc++";
				CLANG_ENABLE_MODULES = YES;
				CLANG_ENABLE_OBJC_ARC = YES;
				CLANG_WARN_BOOL_CONVERSION = YES;
				CLANG_WARN_CONSTANT_CONVERSION = YES;
				CLANG_WARN_DIRECT_OBJC_ISA_USAGE = YES_ERROR;
				CLANG_WARN_DOCUMENTATION_COMMENTS = YES;
				CLANG_WARN_EMPTY_BODY = YES;
				CLANG_WARN_ENUM_CONVERSION = YES;
				CLANG_WARN_INFINITE_RECURSION = YES;
				CLANG_WARN_INT_CONVERSION = YES;
				CLANG_WARN_OBJC_ROOT_CLASS = YES_ERROR;
				CLANG_WARN_SUSPICIOUS_MOVE = YES;
				CLANG_WARN_UNREACHABLE_CODE = YES;
				CLANG_WARN__DUPLICATE_METHOD_MATCH = YES;
				"CODE_SIGN_IDENTITY[sdk=iphoneos*]" = "iPhone Developer";
				COPY_PHASE_STRIP = NO;
				DEBUG_INFORMATION_FORMAT = dwarf;
				ENABLE_STRICT_OBJC_MSGSEND = YES;
				ENABLE_TESTABILITY = YES;
				GCC_C_LANGUAGE_STANDARD = gnu99;
				GCC_DYNAMIC_NO_PIC = NO;
				GCC_NO_COMMON_BLOCKS = YES;
				GCC_OPTIMIZATION_LEVEL = 0;
				GCC_PREPROCESSOR_DEFINITIONS = (
					"DEBUG=1",
					"$(inherited)",
				);
				GCC_WARN_64_TO_32_BIT_CONVERSION = YES;
				GCC_WARN_ABOUT_RETURN_TYPE = YES_ERROR;
				GCC_WARN_UNDECLARED_SELECTOR = YES;
				GCC_WARN_UNINITIALIZED_AUTOS = YES_AGGRESSIVE;
				GCC_WARN_UNUSED_FUNCTION = YES;
				GCC_WARN_UNUSED_VARIABLE = YES;
				IPHONEOS_DEPLOYMENT_TARGET = 10.3;
				MTL_ENABLE_DEBUG_INFO = YES;
				ONLY_ACTIVE_ARCH = YES;
				SDKROOT = iphoneos;
				SWIFT_ACTIVE_COMPILATION_CONDITIONS = DEBUG;
				SWIFT_OPTIMIZATION_LEVEL = "-Onone";
				TARGETED_DEVICE_FAMILY = "1,2";
			};
			name = Debug;
		};
		A0C2A89A1F3249DE0049D754 /* Release */ = {
			isa = XCBuildConfiguration;
			buildSettings = {
				ALWAYS_SEARCH_USER_PATHS = NO;
				CLANG_ANALYZER_NONNULL = YES;
				CLANG_ANALYZER_NUMBER_OBJECT_CONVERSION = YES_AGGRESSIVE;
				CLANG_CXX_LANGUAGE_STANDARD = "gnu++0x";
				CLANG_CXX_LIBRARY = "libc++";
				CLANG_ENABLE_MODULES = YES;
				CLANG_ENABLE_OBJC_ARC = YES;
				CLANG_WARN_BOOL_CONVERSION = YES;
				CLANG_WARN_CONSTANT_CONVERSION = YES;
				CLANG_WARN_DIRECT_OBJC_ISA_USAGE = YES_ERROR;
				CLANG_WARN_DOCUMENTATION_COMMENTS = YES;
				CLANG_WARN_EMPTY_BODY = YES;
				CLANG_WARN_ENUM_CONVERSION = YES;
				CLANG_WARN_INFINITE_RECURSION = YES;
				CLANG_WARN_INT_CONVERSION = YES;
				CLANG_WARN_OBJC_ROOT_CLASS = YES_ERROR;
				CLANG_WARN_SUSPICIOUS_MOVE = YES;
				CLANG_WARN_UNREACHABLE_CODE = YES;
				CLANG_WARN__DUPLICATE_METHOD_MATCH = YES;
				"CODE_SIGN_IDENTITY[sdk=iphoneos*]" = "iPhone Developer";
				COPY_PHASE_STRIP = NO;
				DEBUG_INFORMATION_FORMAT = "dwarf-with-dsym";
				ENABLE_NS_ASSERTIONS = NO;
				ENABLE_STRICT_OBJC_MSGSEND = YES;
				GCC_C_LANGUAGE_STANDARD = gnu99;
				GCC_NO_COMMON_BLOCKS = YES;
				GCC_WARN_64_TO_32_BIT_CONVERSION = YES;
				GCC_WARN_ABOUT_RETURN_TYPE = YES_ERROR;
				GCC_WARN_UNDECLARED_SELECTOR = YES;
				GCC_WARN_UNINITIALIZED_AUTOS = YES_AGGRESSIVE;
				GCC_WARN_UNUSED_FUNCTION = YES;
				GCC_WARN_UNUSED_VARIABLE = YES;
				IPHONEOS_DEPLOYMENT_TARGET = 10.3;
				MTL_ENABLE_DEBUG_INFO = NO;
				SDKROOT = iphoneos;
				SWIFT_OPTIMIZATION_LEVEL = "-Owholemodule";
				TARGETED_DEVICE_FAMILY = "1,2";
				VALIDATE_PRODUCT = YES;
			};
			name = Release;
		};
		A0C2A89C1F3249DE0049D754 /* Debug */ = {
			isa = XCBuildConfiguration;
			buildSettings = {
				ASSETCATALOG_COMPILER_APPICON_NAME = AppIcon;
				DEVELOPMENT_TEAM = FM2EY39XWE;
				INFOPLIST_FILE = "Okomaz-ios/Info.plist";
				LD_RUNPATH_SEARCH_PATHS = "$(inherited) @executable_path/Frameworks";
				PRODUCT_BUNDLE_IDENTIFIER = "com.Ally.Okomaz-ios";
				PRODUCT_NAME = "$(TARGET_NAME)";
				SWIFT_VERSION = 3.0;
			};
			name = Debug;
		};
		A0C2A89D1F3249DE0049D754 /* Release */ = {
			isa = XCBuildConfiguration;
			buildSettings = {
				ASSETCATALOG_COMPILER_APPICON_NAME = AppIcon;
				DEVELOPMENT_TEAM = FM2EY39XWE;
				INFOPLIST_FILE = "Okomaz-ios/Info.plist";
				LD_RUNPATH_SEARCH_PATHS = "$(inherited) @executable_path/Frameworks";
				PRODUCT_BUNDLE_IDENTIFIER = "com.Ally.Okomaz-ios";
				PRODUCT_NAME = "$(TARGET_NAME)";
				SWIFT_VERSION = 3.0;
			};
			name = Release;
		};
/* End XCBuildConfiguration section */

/* Begin XCConfigurationList section */
		A0C2A8841F3249DE0049D754 /* Build configuration list for PBXProject "Okomaz-ios" */ = {
			isa = XCConfigurationList;
			buildConfigurations = (
				A0C2A8991F3249DE0049D754 /* Debug */,
				A0C2A89A1F3249DE0049D754 /* Release */,
			);
			defaultConfigurationIsVisible = 0;
			defaultConfigurationName = Release;
		};
		A0C2A89B1F3249DE0049D754 /* Build configuration list for PBXNativeTarget "Okomaz-ios" */ = {
			isa = XCConfigurationList;
			buildConfigurations = (
				A0C2A89C1F3249DE0049D754 /* Debug */,
				A0C2A89D1F3249DE0049D754 /* Release */,
			);
			defaultConfigurationIsVisible = 0;
		};
/* End XCConfigurationList section */
	};
	rootObject = A0C2A8811F3249DE0049D754 /* Project object */;
}
