// !$*UTF8*$!
{
	archiveVersion = 1;
	classes = {
	};
	objectVersion = 46;
	objects = {

/* Begin PBXBuildFile section */
		A0C2A88D1F3249DE0049D754 /* AppDelegate.swift in Sources */ = {isa = PBXBuildFile; fileRef = A0C2A88C1F3249DE0049D754 /* AppDelegate.swift */; };
		A0C2A88F1F3249DE0049D754 /* ViewController.swift in Sources */ = {isa = PBXBuildFile; fileRef = A0C2A88E1F3249DE0049D754 /* ViewController.swift */; };
		A0C2A8921F3249DE0049D754 /* Main.storyboard in Resources */ = {isa = PBXBuildFile; fileRef = A0C2A8901F3249DE0049D754 /* Main.storyboard */; };
		A0C2A8941F3249DE0049D754 /* Assets.xcassets in Resources */ = {isa = PBXBuildFile; fileRef = A0C2A8931F3249DE0049D754 /* Assets.xcassets */; };
		A0C2A8971F3249DE0049D754 /* LaunchScreen.storyboard in Resources */ = {isa = PBXBuildFile; fileRef = A0C2A8951F3249DE0049D754 /* LaunchScreen.storyboard */; };
/* End PBXBuildFile section */

/* Begin PBXFileReference section */
		A0C2A8891F3249DE0049D754 /* Okomaz-ios.app */ = {isa = PBXFileReference; explicitFileType = wrapper.application; includeInIndex = 0; path = "Okomaz-ios.app"; sourceTree = BUILT_PRODUCTS_DIR; };
		A0C2A88C1F3249DE0049D754 /* AppDelegate.swift */ = {isa = PBXFileReference; lastKnownFileType = sourcecode.swift; path = AppDelegate.swift; sourceTree = "<group>"; };
		A0C2A88E1F3249DE0049D754 /* ViewController.swift */ = {isa = PBXFileReference; lastKnownFileType = sourcecode.swift; path = ViewController.swift; sourceTree = "<group>"; };
		A0C2A8911F3249DE0049D754 /* Base */ = {isa = PBXFileReference; lastKnownFileType = file.storyboard; name = Base; path = Base.lproj/Main.storyboard; sourceTree = "<group>"; };
		A0C2A8931F3249DE0049D754 /* Assets.xcassets */ = {isa = PBXFileReference; lastKnownFileType = folder.assetcatalog; path = Assets.xcassets; sourceTree = "<group>"; };
		A0C2A8961F3249DE0049D754 /* Base */ = {isa = PBXFileReference; lastKnownFileType = file.storyboard; name = Base; path = Base.lproj/LaunchScreen.storyboard; sourceTree = "<group>"; };
		A0C2A8981F3249DE0049D754 /* Info.plist */ = {isa = PBXFileReference; lastKnownFileType = text.plist.xml; path = Info.plist; sourceTree = "<group>"; };
/* End PBXFileReference section */

/* Begin PBXFrameworksBuildPhase section */
		A0C2A8861F3249DE0049D754 /* Frameworks */ = {
			isa = PBXFrameworksBuildPhase;
			buildActionMask = 2147483647;
			files = (
			);
			runOnlyForDeploymentPostprocessing = 0;
		};
/* End PBXFrameworksBuildPhase section */

/* Begin PBXGroup section */
		A0C2A8801F3249DE0049D754 = {
			isa = PBXGroup;
			children = (
				A0C2A88B1F3249DE0049D754 /* Okomaz-ios */,
				A0C2A88A1F3249DE0049D754 /* Products */,
			);
			sourceTree = "<group>";
		};
		A0C2A88A1F3249DE0049D754 /* Products */ = {
			isa = PBXGroup;
			children = (
				A0C2A8891F3249DE0049D754 /* Okomaz-ios.app */,
			);
			name = Products;
			sourceTree = "<group>";
		};
		A0C2A88B1F3249DE0049D754 /* Okomaz-ios */ = {
			isa = PBXGroup;
			children = (
				A0C2A88C1F3249DE0049D754 /* AppDelegate.swift */,
				A0C2A88E1F3249DE0049D754 /* ViewController.swift */,
				A0C2A8901F3249DE0049D754 /* Main.storyboard */,
				A0C2A8931F3249DE0049D754 /* Assets.xcassets */,
				A0C2A8951F3249DE0049D754 /* LaunchScreen.storyboard */,
				A0C2A8981F3249DE0049D754 /* Info.plist */,
			);
			path = "Okomaz-ios";
			sourceTree = "<group>";
		};
/* End PBXGroup section */

/* Begin PBXNativeTarget section */
		A0C2A8881F3249DE0049D754 /* Okomaz-ios */ = {
			isa = PBXNativeTarget;
			buildConfigurationList = A0C2A89B1F3249DE0049D754 /* Build configuration list for PBXNativeTarget "Okomaz-ios" */;
			buildPhases = (
				A0C2A8851F3249DE0049D754 /* Sources */,
				A0C2A8861F3249DE0049D754 /* Frameworks */,
				A0C2A8871F3249DE0049D754 /* Resources */,
			);
			buildRules = (
			);
			dependencies = (
			);
			name = "Okomaz-ios";
			productName = "Okomaz-ios";
			productReference = A0C2A8891F3249DE0049D754 /* Okomaz-ios.app */;
			productType = "com.apple.product-type.application";
		};
/* End PBXNativeTarget section */

/* Begin PBXProject section */
		A0C2A8811F3249DE0049D754 /* Project object */ = {
			isa = PBXProject;
			attributes = {
				LastSwiftUpdateCheck = 0830;
				LastUpgradeCheck = 0830;
				ORGANIZATIONNAME = "Ally Mahmoud";
				TargetAttributes = {
					A0C2A8881F3249DE0049D754 = {
						CreatedOnToolsVersion = 8.3.3;
						DevelopmentTeam = FM2EY39XWE;
						ProvisioningStyle = Automatic;
					};
				};
			};
			buildConfigurationList = A0C2A8841F3249DE0049D754 /* Build configuration list for PBXProject "Okomaz-ios" */;
			compatibilityVersion = "Xcode 3.2";
			developmentRegion = English;
			hasScannedForEncodings = 0;
			knownRegions = (
				en,
				Base,
			);
			mainGroup = A0C2A8801F3249DE0049D754;
			productRefGroup = A0C2A88A1F3249DE0049D754 /* Products */;
			projectDirPath = "";
			projectRoot = "";
			targets = (
				A0C2A8881F3249DE0049D754 /* Okomaz-ios */,
			);
		};
/* End PBXProject section */

/* Begin PBXResourcesBuildPhase section */
		A0C2A8871F3249DE0049D754 /* Resources */ = {
			isa = PBXResourcesBuildPhase;
			buildActionMask = 2147483647;
			files = (
				A0C2A8971F3249DE0049D754 /* LaunchScreen.storyboard in Resources */,
				A0C2A8941F3249DE0049D754 /* Assets.xcassets in Resources */,
				A0C2A8921F3249DE0049D754 /* Main.storyboard in Resources */,
			);
			runOnlyForDeploymentPostprocessing = 0;
		};
/* End PBXResourcesBuildPhase section */

/* Begin PBXSourcesBuildPhase section */
		A0C2A8851F3249DE0049D754 /* Sources */ = {
			isa = PBXSourcesBuildPhase;
			buildActionMask = 2147483647;
			files = (
				A0C2A88F1F3249DE0049D754 /* ViewController.swift in Sources */,
				A0C2A88D1F3249DE0049D754 /* AppDelegate.swift in Sources */,
			);
			runOnlyForDeploymentPostprocessing = 0;
		};
/* End PBXSourcesBuildPhase section */

/* Begin PBXVariantGroup section */
		A0C2A8901F3249DE0049D754 /* Main.storyboard */ = {
			isa = PBXVariantGroup;
			children = (
				A0C2A8911F3249DE0049D754 /* Base */,
			);
			name = Main.storyboard;
			sourceTree = "<group>";
		};
		A0C2A8951F3249DE0049D754 /* LaunchScreen.storyboard */ = {
			isa = PBXVariantGroup;
			children = (
				A0C2A8961F3249DE0049D754 /* Base */,
			);
			name = LaunchScreen.storyboard;
			sourceTree = "<group>";
		};
/* End PBXVariantGroup section */

/* Begin XCBuildConfiguration section */
		A0C2A8991F3249DE0049D754 /* Debug */ = {
			isa = XCBuildConfiguration;
			buildSettings = {
				ALWAYS_SEARCH_USER_PATHS = NO;
				CLANG_ANALYZER_NONNULL = YES;
				CLANG_ANALYZER_NUMBER_OBJECT_CONVERSION = YES_AGGRESSIVE;
				CLANG_CXX_LANGUAGE_STANDARD = "gnu++0x";
				CLANG_CXX_LIBRARY = "libc++";
				CLANG_ENABLE_MODULES = YES;
				CLANG_ENABLE_OBJC_ARC = YES;
				CLANG_WARN_BOOL_CONVERSION = YES;
				CLANG_WARN_CONSTANT_CONVERSION = YES;
				CLANG_WARN_DIRECT_OBJC_ISA_USAGE = YES_ERROR;
				CLANG_WARN_DOCUMENTATION_COMMENTS = YES;
				CLANG_WARN_EMPTY_BODY = YES;
				CLANG_WARN_ENUM_CONVERSION = YES;
				CLANG_WARN_INFINITE_RECURSION = YES;
				CLANG_WARN_INT_CONVERSION = YES;
				CLANG_WARN_OBJC_ROOT_CLASS = YES_ERROR;
				CLANG_WARN_SUSPICIOUS_MOVE = YES;
				CLANG_WARN_UNREACHABLE_CODE = YES;
				CLANG_WARN__DUPLICATE_METHOD_MATCH = YES;
				"CODE_SIGN_IDENTITY[sdk=iphoneos*]" = "iPhone Developer";
				COPY_PHASE_STRIP = NO;
				DEBUG_INFORMATION_FORMAT = dwarf;
				ENABLE_STRICT_OBJC_MSGSEND = YES;
				ENABLE_TESTABILITY = YES;
				GCC_C_LANGUAGE_STANDARD = gnu99;
				GCC_DYNAMIC_NO_PIC = NO;
				GCC_NO_COMMON_BLOCKS = YES;
				GCC_OPTIMIZATION_LEVEL = 0;
				GCC_PREPROCESSOR_DEFINITIONS = (
					"DEBUG=1",
					"$(inherited)",
				);
				GCC_WARN_64_TO_32_BIT_CONVERSION = YES;
				GCC_WARN_ABOUT_RETURN_TYPE = YES_ERROR;
				GCC_WARN_UNDECLARED_SELECTOR = YES;
				GCC_WARN_UNINITIALIZED_AUTOS = YES_AGGRESSIVE;
				GCC_WARN_UNUSED_FUNCTION = YES;
				GCC_WARN_UNUSED_VARIABLE = YES;
				IPHONEOS_DEPLOYMENT_TARGET = 10.3;
				MTL_ENABLE_DEBUG_INFO = YES;
				ONLY_ACTIVE_ARCH = YES;
				SDKROOT = iphoneos;
				SWIFT_ACTIVE_COMPILATION_CONDITIONS = DEBUG;
				SWIFT_OPTIMIZATION_LEVEL = "-Onone";
				TARGETED_DEVICE_FAMILY = "1,2";
			};
			name = Debug;
		};
		A0C2A89A1F3249DE0049D754 /* Release */ = {
			isa = XCBuildConfiguration;
			buildSettings = {
				ALWAYS_SEARCH_USER_PATHS = NO;
				CLANG_ANALYZER_NONNULL = YES;
				CLANG_ANALYZER_NUMBER_OBJECT_CONVERSION = YES_AGGRESSIVE;
				CLANG_CXX_LANGUAGE_STANDARD = "gnu++0x";
				CLANG_CXX_LIBRARY = "libc++";
				CLANG_ENABLE_MODULES = YES;
				CLANG_ENABLE_OBJC_ARC = YES;
				CLANG_WARN_BOOL_CONVERSION = YES;
				CLANG_WARN_CONSTANT_CONVERSION = YES;
				CLANG_WARN_DIRECT_OBJC_ISA_USAGE = YES_ERROR;
				CLANG_WARN_DOCUMENTATION_COMMENTS = YES;
				CLANG_WARN_EMPTY_BODY = YES;
				CLANG_WARN_ENUM_CONVERSION = YES;
				CLANG_WARN_INFINITE_RECURSION = YES;
				CLANG_WARN_INT_CONVERSION = YES;
				CLANG_WARN_OBJC_ROOT_CLASS = YES_ERROR;
				CLANG_WARN_SUSPICIOUS_MOVE = YES;
				CLANG_WARN_UNREACHABLE_CODE = YES;
				CLANG_WARN__DUPLICATE_METHOD_MATCH = YES;
				"CODE_SIGN_IDENTITY[sdk=iphoneos*]" = "iPhone Developer";
				COPY_PHASE_STRIP = NO;
				DEBUG_INFORMATION_FORMAT = "dwarf-with-dsym";
				ENABLE_NS_ASSERTIONS = NO;
				ENABLE_STRICT_OBJC_MSGSEND = YES;
				GCC_C_LANGUAGE_STANDARD = gnu99;
				GCC_NO_COMMON_BLOCKS = YES;
				GCC_WARN_64_TO_32_BIT_CONVERSION = YES;
				GCC_WARN_ABOUT_RETURN_TYPE = YES_ERROR;
				GCC_WARN_UNDECLARED_SELECTOR = YES;
				GCC_WARN_UNINITIALIZED_AUTOS = YES_AGGRESSIVE;
				GCC_WARN_UNUSED_FUNCTION = YES;
				GCC_WARN_UNUSED_VARIABLE = YES;
				IPHONEOS_DEPLOYMENT_TARGET = 10.3;
				MTL_ENABLE_DEBUG_INFO = NO;
				SDKROOT = iphoneos;
				SWIFT_OPTIMIZATION_LEVEL = "-Owholemodule";
				TARGETED_DEVICE_FAMILY = "1,2";
				VALIDATE_PRODUCT = YES;
			};
			name = Release;
		};
		A0C2A89C1F3249DE0049D754 /* Debug */ = {
			isa = XCBuildConfiguration;
			buildSettings = {
				ASSETCATALOG_COMPILER_APPICON_NAME = AppIcon;
				DEVELOPMENT_TEAM = FM2EY39XWE;
				INFOPLIST_FILE = "Okomaz-ios/Info.plist";
				LD_RUNPATH_SEARCH_PATHS = "$(inherited) @executable_path/Frameworks";
				PRODUCT_BUNDLE_IDENTIFIER = "com.Ally.Okomaz-ios";
				PRODUCT_NAME = "$(TARGET_NAME)";
				SWIFT_VERSION = 3.0;
			};
			name = Debug;
		};
		A0C2A89D1F3249DE0049D754 /* Release */ = {
			isa = XCBuildConfiguration;
			buildSettings = {
				ASSETCATALOG_COMPILER_APPICON_NAME = AppIcon;
				DEVELOPMENT_TEAM = FM2EY39XWE;
				INFOPLIST_FILE = "Okomaz-ios/Info.plist";
				LD_RUNPATH_SEARCH_PATHS = "$(inherited) @executable_path/Frameworks";
				PRODUCT_BUNDLE_IDENTIFIER = "com.Ally.Okomaz-ios";
				PRODUCT_NAME = "$(TARGET_NAME)";
				SWIFT_VERSION = 3.0;
			};
			name = Release;
		};
/* End XCBuildConfiguration section */

/* Begin XCConfigurationList section */
		A0C2A8841F3249DE0049D754 /* Build configuration list for PBXProject "Okomaz-ios" */ = {
			isa = XCConfigurationList;
			buildConfigurations = (
				A0C2A8991F3249DE0049D754 /* Debug */,
				A0C2A89A1F3249DE0049D754 /* Release */,
			);
			defaultConfigurationIsVisible = 0;
			defaultConfigurationName = Release;
		};
		A0C2A89B1F3249DE0049D754 /* Build configuration list for PBXNativeTarget "Okomaz-ios" */ = {
			isa = XCConfigurationList;
			buildConfigurations = (
				A0C2A89C1F3249DE0049D754 /* Debug */,
				A0C2A89D1F3249DE0049D754 /* Release */,
			);
			defaultConfigurationIsVisible = 0;
		};
/* End XCConfigurationList section */
	};
	rootObject = A0C2A8811F3249DE0049D754 /* Project object */;
}
